// !$*UTF8*$!
{
	archiveVersion = 1;
	classes = {
	};
	objectVersion = 70;
	objects = {

/* Begin PBXBuildFile section */
		097B7E162F1207FE00458A28 /* WidgetKit.framework in Frameworks */ = {isa = PBXBuildFile; fileRef = 097B7E152F1207FD00458A28 /* WidgetKit.framework */; };
		097B7E182F1207FE00458A28 /* SwiftUI.framework in Frameworks */ = {isa = PBXBuildFile; fileRef = 097B7E172F1207FE00458A28 /* SwiftUI.framework */; };
		097B7E272F12080000458A28 /* ZabbixWidgetExtension.appex in Embed Foundation Extensions */ = {isa = PBXBuildFile; fileRef = 097B7E132F1207FD00458A28 /* ZabbixWidgetExtension.appex */; settings = {ATTRIBUTES = (RemoveHeadersOnCopy, ); }; };
		097B7E302F12090000458A28 /* SharedData.swift in Sources */ = {isa = PBXBuildFile; fileRef = A1000001226F00013 /* SharedData.swift */; };
		097B7E312F12090100458A28 /* ZabbixWidget.swift in Sources */ = {isa = PBXBuildFile; fileRef = 097B7E322F12090100458A28 /* ZabbixWidget.swift */; };
		097B7E332F12090100458A28 /* ZabbixWidgetBundle.swift in Sources */ = {isa = PBXBuildFile; fileRef = 097B7E342F12090100458A28 /* ZabbixWidgetBundle.swift */; };
		A1000001226F00001 /* ZabbixMenuBarApp.swift in Sources */ = {isa = PBXBuildFile; fileRef = A1000001226F00002 /* ZabbixMenuBarApp.swift */; };
		A1000001226F00003 /* ZabbixAPIClient.swift in Sources */ = {isa = PBXBuildFile; fileRef = A1000001226F00004 /* ZabbixAPIClient.swift */; };
		A1000001226F00005 /* ZabbixStatusView.swift in Sources */ = {isa = PBXBuildFile; fileRef = A1000001226F00006 /* ZabbixStatusView.swift */; };
		A1000001226F00007 /* SettingsView.swift in Sources */ = {isa = PBXBuildFile; fileRef = A1000001226F00008 /* SettingsView.swift */; };
		A1000001226F00012 /* SharedData.swift in Sources */ = {isa = PBXBuildFile; fileRef = A1000001226F00013 /* SharedData.swift */; };
		A1000001226F00100 /* Assets.xcassets in Resources */ = {isa = PBXBuildFile; fileRef = A1000001226F00101 /* Assets.xcassets */; };
		097B7E402F12090200458A28 /* Assets.xcassets in Resources */ = {isa = PBXBuildFile; fileRef = 097B7E412F12090200458A28 /* Assets.xcassets */; };
/* End PBXBuildFile section */

/* Begin PBXContainerItemProxy section */
		097B7E252F12080000458A28 /* PBXContainerItemProxy */ = {
			isa = PBXContainerItemProxy;
			containerPortal = A1000001226F00050 /* Project object */;
			proxyType = 1;
			remoteGlobalIDString = 097B7E122F1207FD00458A28;
			remoteInfo = ZabbixWidgetExtension;
		};
/* End PBXContainerItemProxy section */

/* Begin PBXCopyFilesBuildPhase section */
		097B7E282F12080000458A28 /* Embed Foundation Extensions */ = {
			isa = PBXCopyFilesBuildPhase;
			buildActionMask = 2147483647;
			dstPath = "";
			dstSubfolderSpec = 13;
			files = (
				097B7E272F12080000458A28 /* ZabbixWidgetExtension.appex in Embed Foundation Extensions */,
			);
			name = "Embed Foundation Extensions";
			runOnlyForDeploymentPostprocessing = 0;
		};
/* End PBXCopyFilesBuildPhase section */

/* Begin PBXFileReference section */
		097B7E132F1207FD00458A28 /* ZabbixWidgetExtension.appex */ = {isa = PBXFileReference; explicitFileType = "wrapper.app-extension"; includeInIndex = 0; path = ZabbixWidgetExtension.appex; sourceTree = BUILT_PRODUCTS_DIR; };
		097B7E152F1207FD00458A28 /* WidgetKit.framework */ = {isa = PBXFileReference; lastKnownFileType = wrapper.framework; name = WidgetKit.framework; path = System/Library/Frameworks/WidgetKit.framework; sourceTree = SDKROOT; };
		097B7E172F1207FE00458A28 /* SwiftUI.framework */ = {isa = PBXFileReference; lastKnownFileType = wrapper.framework; name = SwiftUI.framework; path = System/Library/Frameworks/SwiftUI.framework; sourceTree = SDKROOT; };
		A1000001226F00002 /* ZabbixMenuBarApp.swift */ = {isa = PBXFileReference; lastKnownFileType = sourcecode.swift; path = ZabbixMenuBarApp.swift; sourceTree = "<group>"; };
		A1000001226F00004 /* ZabbixAPIClient.swift */ = {isa = PBXFileReference; lastKnownFileType = sourcecode.swift; path = ZabbixAPIClient.swift; sourceTree = "<group>"; };
		A1000001226F00006 /* ZabbixStatusView.swift */ = {isa = PBXFileReference; lastKnownFileType = sourcecode.swift; path = ZabbixStatusView.swift; sourceTree = "<group>"; };
		A1000001226F00008 /* SettingsView.swift */ = {isa = PBXFileReference; lastKnownFileType = sourcecode.swift; path = SettingsView.swift; sourceTree = "<group>"; };
		A1000001226F00009 /* Info.plist */ = {isa = PBXFileReference; lastKnownFileType = text.plist.xml; path = Info.plist; sourceTree = "<group>"; };
		A1000001226F00010 /* ZabbixMenuBar.app */ = {isa = PBXFileReference; explicitFileType = wrapper.application; includeInIndex = 0; path = ZabbixMenuBar.app; sourceTree = BUILT_PRODUCTS_DIR; };
		A1000001226F00011 /* ZabbixMenuBar.entitlements */ = {isa = PBXFileReference; lastKnownFileType = text.plist.entitlements; path = ZabbixMenuBar.entitlements; sourceTree = "<group>"; };
		A1000001226F00013 /* SharedData.swift */ = {isa = PBXFileReference; lastKnownFileType = sourcecode.swift; path = SharedData.swift; sourceTree = "<group>"; };
		097B7E322F12090100458A28 /* ZabbixWidget.swift */ = {isa = PBXFileReference; lastKnownFileType = sourcecode.swift; path = ZabbixWidget.swift; sourceTree = "<group>"; };
		097B7E342F12090100458A28 /* ZabbixWidgetBundle.swift */ = {isa = PBXFileReference; lastKnownFileType = sourcecode.swift; path = ZabbixWidgetBundle.swift; sourceTree = "<group>"; };
		097B7E352F12090100458A28 /* ZabbixWidget.entitlements */ = {isa = PBXFileReference; lastKnownFileType = text.plist.entitlements; path = ZabbixWidget.entitlements; sourceTree = "<group>"; };
		A1000001226F00101 /* Assets.xcassets */ = {isa = PBXFileReference; lastKnownFileType = folder.assetcatalog; path = Assets.xcassets; sourceTree = "<group>"; };
		097B7E412F12090200458A28 /* Assets.xcassets */ = {isa = PBXFileReference; lastKnownFileType = folder.assetcatalog; path = Assets.xcassets; sourceTree = "<group>"; };
/* End PBXFileReference section */


/* Begin PBXFrameworksBuildPhase section */
		097B7E102F1207FD00458A28 /* Frameworks */ = {
			isa = PBXFrameworksBuildPhase;
			buildActionMask = 2147483647;
			files = (
				097B7E182F1207FE00458A28 /* SwiftUI.framework in Frameworks */,
				097B7E162F1207FE00458A28 /* WidgetKit.framework in Frameworks */,
			);
			runOnlyForDeploymentPostprocessing = 0;
		};
		A1000001226F00020 /* Frameworks */ = {
			isa = PBXFrameworksBuildPhase;
			buildActionMask = 2147483647;
			files = (
			);
			runOnlyForDeploymentPostprocessing = 0;
		};
/* End PBXFrameworksBuildPhase section */

/* Begin PBXGroup section */
		097B7E142F1207FD00458A28 /* Frameworks */ = {
			isa = PBXGroup;
			children = (
				097B7E152F1207FD00458A28 /* WidgetKit.framework */,
				097B7E172F1207FE00458A28 /* SwiftUI.framework */,
			);
			name = Frameworks;
			sourceTree = "<group>";
		};
		097B7E192F1207FE00458A28 /* ZabbixWidget */ = {
			isa = PBXGroup;
			children = (
				097B7E322F12090100458A28 /* ZabbixWidget.swift */,
				097B7E342F12090100458A28 /* ZabbixWidgetBundle.swift */,
				097B7E352F12090100458A28 /* ZabbixWidget.entitlements */,
				097B7E412F12090200458A28 /* Assets.xcassets */,
			);
			path = ZabbixWidget;
			sourceTree = "<group>";
		};
		A1000001226F00014 /* Shared */ = {
			isa = PBXGroup;
			children = (
				A1000001226F00013 /* SharedData.swift */,
			);
			path = Shared;
			sourceTree = "<group>";
		};
		A1000001226F00030 = {
			isa = PBXGroup;
			children = (
				A1000001226F00031 /* ZabbixMenuBar */,
				A1000001226F00014 /* Shared */,
				097B7E192F1207FE00458A28 /* ZabbixWidget */,
				097B7E142F1207FD00458A28 /* Frameworks */,
				A1000001226F00032 /* Products */,
			);
			sourceTree = "<group>";
		};
		A1000001226F00031 /* ZabbixMenuBar */ = {
			isa = PBXGroup;
			children = (
				A1000001226F00002 /* ZabbixMenuBarApp.swift */,
				A1000001226F00004 /* ZabbixAPIClient.swift */,
				A1000001226F00006 /* ZabbixStatusView.swift */,
				A1000001226F00008 /* SettingsView.swift */,
				A1000001226F00009 /* Info.plist */,
				A1000001226F00011 /* ZabbixMenuBar.entitlements */,
				A1000001226F00101 /* Assets.xcassets */,
			);
			path = ZabbixMenuBar;
			sourceTree = "<group>";
		};
		A1000001226F00032 /* Products */ = {
			isa = PBXGroup;
			children = (
				A1000001226F00010 /* ZabbixMenuBar.app */,
				097B7E132F1207FD00458A28 /* ZabbixWidgetExtension.appex */,
			);
			name = Products;
			sourceTree = "<group>";
		};
/* End PBXGroup section */

/* Begin PBXNativeTarget section */
		097B7E122F1207FD00458A28 /* ZabbixWidgetExtension */ = {
			isa = PBXNativeTarget;
			buildConfigurationList = 097B7E2C2F12080000458A28 /* Build configuration list for PBXNativeTarget "ZabbixWidgetExtension" */;
			buildPhases = (
				097B7E0F2F1207FD00458A28 /* Sources */,
				097B7E102F1207FD00458A28 /* Frameworks */,
				097B7E112F1207FD00458A28 /* Resources */,
			);
			buildRules = (
			);
			dependencies = (
			);
			name = ZabbixWidgetExtension;
			packageProductDependencies = (
			);
			productName = ZabbixWidgetExtension;
			productReference = 097B7E132F1207FD00458A28 /* ZabbixWidgetExtension.appex */;
			productType = "com.apple.product-type.app-extension";
		};
		A1000001226F00040 /* ZabbixMenuBar */ = {
			isa = PBXNativeTarget;
			buildConfigurationList = A1000001226F00060 /* Build configuration list for PBXNativeTarget "ZabbixMenuBar" */;
			buildPhases = (
				A1000001226F00041 /* Sources */,
				A1000001226F00020 /* Frameworks */,
				A1000001226F00042 /* Resources */,
				097B7E282F12080000458A28 /* Embed Foundation Extensions */,
			);
			buildRules = (
			);
			dependencies = (
				097B7E262F12080000458A28 /* PBXTargetDependency */,
			);
			name = ZabbixMenuBar;
			productName = ZabbixMenuBar;
			productReference = A1000001226F00010 /* ZabbixMenuBar.app */;
			productType = "com.apple.product-type.application";
		};
/* End PBXNativeTarget section */

/* Begin PBXProject section */
		A1000001226F00050 /* Project object */ = {
			isa = PBXProject;
			attributes = {
				BuildIndependentTargetsInParallel = 1;
				LastSwiftUpdateCheck = 2620;
				LastUpgradeCheck = 1500;
				TargetAttributes = {
					097B7E122F1207FD00458A28 = {
						CreatedOnToolsVersion = 26.2;
					};
					A1000001226F00040 = {
						CreatedOnToolsVersion = 15.0;
					};
				};
			};
			buildConfigurationList = A1000001226F00051 /* Build configuration list for PBXProject "ZabbixMenuBar" */;
			compatibilityVersion = "Xcode 14.0";
			developmentRegion = en;
			hasScannedForEncodings = 0;
			knownRegions = (
				en,
				Base,
			);
			mainGroup = A1000001226F00030;
			productRefGroup = A1000001226F00032 /* Products */;
			projectDirPath = "";
			projectRoot = "";
			targets = (
				A1000001226F00040 /* ZabbixMenuBar */,
				097B7E122F1207FD00458A28 /* ZabbixWidgetExtension */,
			);
		};
/* End PBXProject section */

/* Begin PBXResourcesBuildPhase section */
		097B7E112F1207FD00458A28 /* Resources */ = {
			isa = PBXResourcesBuildPhase;
			buildActionMask = 2147483647;
			files = (
				097B7E402F12090200458A28 /* Assets.xcassets in Resources */,
			);
			runOnlyForDeploymentPostprocessing = 0;
		};
		A1000001226F00042 /* Resources */ = {
			isa = PBXResourcesBuildPhase;
			buildActionMask = 2147483647;
			files = (
				A1000001226F00100 /* Assets.xcassets in Resources */,
			);
			runOnlyForDeploymentPostprocessing = 0;
		};
/* End PBXResourcesBuildPhase section */

/* Begin PBXSourcesBuildPhase section */
		097B7E0F2F1207FD00458A28 /* Sources */ = {
			isa = PBXSourcesBuildPhase;
			buildActionMask = 2147483647;
			files = (
				097B7E302F12090000458A28 /* SharedData.swift in Sources */,
				097B7E312F12090100458A28 /* ZabbixWidget.swift in Sources */,
				097B7E332F12090100458A28 /* ZabbixWidgetBundle.swift in Sources */,
			);
			runOnlyForDeploymentPostprocessing = 0;
		};
		A1000001226F00041 /* Sources */ = {
			isa = PBXSourcesBuildPhase;
			buildActionMask = 2147483647;
			files = (
				A1000001226F00001 /* ZabbixMenuBarApp.swift in Sources */,
				A1000001226F00003 /* ZabbixAPIClient.swift in Sources */,
				A1000001226F00005 /* ZabbixStatusView.swift in Sources */,
				A1000001226F00007 /* SettingsView.swift in Sources */,
				A1000001226F00012 /* SharedData.swift in Sources */,
			);
			runOnlyForDeploymentPostprocessing = 0;
		};
/* End PBXSourcesBuildPhase section */

/* Begin PBXTargetDependency section */
		097B7E262F12080000458A28 /* PBXTargetDependency */ = {
			isa = PBXTargetDependency;
			target = 097B7E122F1207FD00458A28 /* ZabbixWidgetExtension */;
			targetProxy = 097B7E252F12080000458A28 /* PBXContainerItemProxy */;
		};
/* End PBXTargetDependency section */

/* Begin XCBuildConfiguration section */
		097B7E292F12080000458A28 /* Debug */ = {
			isa = XCBuildConfiguration;
			buildSettings = {
				ASSETCATALOG_COMPILER_GLOBAL_ACCENT_COLOR_NAME = AccentColor;
				ASSETCATALOG_COMPILER_WIDGET_BACKGROUND_COLOR_NAME = WidgetBackground;
				CODE_SIGN_ENTITLEMENTS = ZabbixWidget/ZabbixWidget.entitlements;
				CODE_SIGN_STYLE = Automatic;
				CURRENT_PROJECT_VERSION = 1;
				DEVELOPMENT_TEAM = QGG9KJ66D2;
				ENABLE_APP_SANDBOX = YES;
				ENABLE_HARDENED_RUNTIME = YES;
				GENERATE_INFOPLIST_FILE = YES;
				INFOPLIST_FILE = ZabbixWidget/Info.plist;
				INFOPLIST_KEY_CFBundleDisplayName = ZabbixWidget;
				INFOPLIST_KEY_NSHumanReadableCopyright = "";
				LD_RUNPATH_SEARCH_PATHS = (
					"$(inherited)",
					"@executable_path/../Frameworks",
					"@executable_path/../../../../Frameworks",
				);
				LOCALIZATION_PREFERS_STRING_CATALOGS = YES;
				MACOSX_DEPLOYMENT_TARGET = 14.0;
				MARKETING_VERSION = 1.0;
				PRODUCT_BUNDLE_IDENTIFIER = com.example.ZabbixMenuBar.ZabbixWidget;
				PRODUCT_NAME = "$(TARGET_NAME)";
				SKIP_INSTALL = YES;
				STRING_CATALOG_GENERATE_SYMBOLS = YES;
				SWIFT_APPROACHABLE_CONCURRENCY = YES;
				SWIFT_EMIT_LOC_STRINGS = YES;
				SWIFT_UPCOMING_FEATURE_MEMBER_IMPORT_VISIBILITY = YES;
				SWIFT_VERSION = 5.0;
			};
			name = Debug;
		};
		097B7E2A2F12080000458A28 /* Release */ = {
			isa = XCBuildConfiguration;
			buildSettings = {
				ASSETCATALOG_COMPILER_GLOBAL_ACCENT_COLOR_NAME = AccentColor;
				ASSETCATALOG_COMPILER_WIDGET_BACKGROUND_COLOR_NAME = WidgetBackground;
				CODE_SIGN_ENTITLEMENTS = ZabbixWidget/ZabbixWidget.entitlements;
				CODE_SIGN_STYLE = Automatic;
				CURRENT_PROJECT_VERSION = 1;
				DEVELOPMENT_TEAM = QGG9KJ66D2;
				ENABLE_APP_SANDBOX = YES;
				ENABLE_HARDENED_RUNTIME = YES;
				GENERATE_INFOPLIST_FILE = YES;
				INFOPLIST_FILE = ZabbixWidget/Info.plist;
				INFOPLIST_KEY_CFBundleDisplayName = ZabbixWidget;
				INFOPLIST_KEY_NSHumanReadableCopyright = "";
				LD_RUNPATH_SEARCH_PATHS = (
					"$(inherited)",
					"@executable_path/../Frameworks",
					"@executable_path/../../../../Frameworks",
				);
				LOCALIZATION_PREFERS_STRING_CATALOGS = YES;
				MACOSX_DEPLOYMENT_TARGET = 14.0;
				MARKETING_VERSION = 1.0;
				PRODUCT_BUNDLE_IDENTIFIER = com.example.ZabbixMenuBar.ZabbixWidget;
				PRODUCT_NAME = "$(TARGET_NAME)";
				SKIP_INSTALL = YES;
				STRING_CATALOG_GENERATE_SYMBOLS = YES;
				SWIFT_APPROACHABLE_CONCURRENCY = YES;
				SWIFT_EMIT_LOC_STRINGS = YES;
				SWIFT_UPCOMING_FEATURE_MEMBER_IMPORT_VISIBILITY = YES;
				SWIFT_VERSION = 5.0;
			};
			name = Release;
		};
		A1000001226F00052 /* Debug */ = {
			isa = XCBuildConfiguration;
			buildSettings = {
				ALWAYS_SEARCH_USER_PATHS = NO;
				ASSETCATALOG_COMPILER_GENERATE_SWIFT_ASSET_SYMBOL_EXTENSIONS = YES;
				CLANG_ANALYZER_NONNULL = YES;
				CLANG_ANALYZER_NUMBER_OBJECT_CONVERSION = YES_AGGRESSIVE;
				CLANG_CXX_LANGUAGE_STANDARD = "gnu++20";
				CLANG_ENABLE_MODULES = YES;
				CLANG_ENABLE_OBJC_ARC = YES;
				CLANG_ENABLE_OBJC_WEAK = YES;
				CLANG_WARN_BLOCK_CAPTURE_AUTORELEASING = YES;
				CLANG_WARN_BOOL_CONVERSION = YES;
				CLANG_WARN_COMMA = YES;
				CLANG_WARN_CONSTANT_CONVERSION = YES;
				CLANG_WARN_DEPRECATED_OBJC_IMPLEMENTATIONS = YES;
				CLANG_WARN_DIRECT_OBJC_ISA_USAGE = YES_ERROR;
				CLANG_WARN_DOCUMENTATION_COMMENTS = YES;
				CLANG_WARN_EMPTY_BODY = YES;
				CLANG_WARN_ENUM_CONVERSION = YES;
				CLANG_WARN_INFINITE_RECURSION = YES;
				CLANG_WARN_INT_CONVERSION = YES;
				CLANG_WARN_NON_LITERAL_NULL_CONVERSION = YES;
				CLANG_WARN_OBJC_IMPLICIT_RETAIN_SELF = YES;
				CLANG_WARN_OBJC_LITERAL_CONVERSION = YES;
				CLANG_WARN_OBJC_ROOT_CLASS = YES_ERROR;
				CLANG_WARN_QUOTED_INCLUDE_IN_FRAMEWORK_HEADER = YES;
				CLANG_WARN_RANGE_LOOP_ANALYSIS = YES;
				CLANG_WARN_STRICT_PROTOTYPES = YES;
				CLANG_WARN_SUSPICIOUS_MOVE = YES;
				CLANG_WARN_UNGUARDED_AVAILABILITY = YES_AGGRESSIVE;
				CLANG_WARN_UNREACHABLE_CODE = YES;
				CLANG_WARN__DUPLICATE_METHOD_MATCH = YES;
				COPY_PHASE_STRIP = NO;
				DEBUG_INFORMATION_FORMAT = dwarf;
				ENABLE_STRICT_OBJC_MSGSEND = YES;
				ENABLE_TESTABILITY = YES;
				ENABLE_USER_SCRIPT_SANDBOXING = YES;
				GCC_C_LANGUAGE_STANDARD = gnu17;
				GCC_DYNAMIC_NO_PIC = NO;
				GCC_NO_COMMON_BLOCKS = YES;
				GCC_OPTIMIZATION_LEVEL = 0;
				GCC_PREPROCESSOR_DEFINITIONS = (
					"DEBUG=1",
					"$(inherited)",
				);
				GCC_WARN_64_TO_32_BIT_CONVERSION = YES;
				GCC_WARN_ABOUT_RETURN_TYPE = YES_ERROR;
				GCC_WARN_UNDECLARED_SELECTOR = YES;
				GCC_WARN_UNINITIALIZED_AUTOS = YES_AGGRESSIVE;
				GCC_WARN_UNUSED_FUNCTION = YES;
				GCC_WARN_UNUSED_VARIABLE = YES;
				MACOSX_DEPLOYMENT_TARGET = 14.0;
				MTL_ENABLE_DEBUG_INFO = INCLUDE_SOURCE;
				MTL_FAST_MATH = YES;
				ONLY_ACTIVE_ARCH = YES;
				SDKROOT = macosx;
				SWIFT_ACTIVE_COMPILATION_CONDITIONS = "DEBUG $(inherited)";
				SWIFT_OPTIMIZATION_LEVEL = "-Onone";
			};
			name = Debug;
		};
		A1000001226F00053 /* Release */ = {
			isa = XCBuildConfiguration;
			buildSettings = {
				ALWAYS_SEARCH_USER_PATHS = NO;
				ASSETCATALOG_COMPILER_GENERATE_SWIFT_ASSET_SYMBOL_EXTENSIONS = YES;
				CLANG_ANALYZER_NONNULL = YES;
				CLANG_ANALYZER_NUMBER_OBJECT_CONVERSION = YES_AGGRESSIVE;
				CLANG_CXX_LANGUAGE_STANDARD = "gnu++20";
				CLANG_ENABLE_MODULES = YES;
				CLANG_ENABLE_OBJC_ARC = YES;
				CLANG_ENABLE_OBJC_WEAK = YES;
				CLANG_WARN_BLOCK_CAPTURE_AUTORELEASING = YES;
				CLANG_WARN_BOOL_CONVERSION = YES;
				CLANG_WARN_COMMA = YES;
				CLANG_WARN_CONSTANT_CONVERSION = YES;
				CLANG_WARN_DEPRECATED_OBJC_IMPLEMENTATIONS = YES;
				CLANG_WARN_DIRECT_OBJC_ISA_USAGE = YES_ERROR;
				CLANG_WARN_DOCUMENTATION_COMMENTS = YES;
				CLANG_WARN_EMPTY_BODY = YES;
				CLANG_WARN_ENUM_CONVERSION = YES;
				CLANG_WARN_INFINITE_RECURSION = YES;
				CLANG_WARN_INT_CONVERSION = YES;
				CLANG_WARN_NON_LITERAL_NULL_CONVERSION = YES;
				CLANG_WARN_OBJC_IMPLICIT_RETAIN_SELF = YES;
				CLANG_WARN_OBJC_LITERAL_CONVERSION = YES;
				CLANG_WARN_OBJC_ROOT_CLASS = YES_ERROR;
				CLANG_WARN_QUOTED_INCLUDE_IN_FRAMEWORK_HEADER = YES;
				CLANG_WARN_RANGE_LOOP_ANALYSIS = YES;
				CLANG_WARN_STRICT_PROTOTYPES = YES;
				CLANG_WARN_SUSPICIOUS_MOVE = YES;
				CLANG_WARN_UNGUARDED_AVAILABILITY = YES_AGGRESSIVE;
				CLANG_WARN_UNREACHABLE_CODE = YES;
				CLANG_WARN__DUPLICATE_METHOD_MATCH = YES;
				COPY_PHASE_STRIP = NO;
				DEBUG_INFORMATION_FORMAT = "dwarf-with-dsym";
				ENABLE_NS_ASSERTIONS = NO;
				ENABLE_STRICT_OBJC_MSGSEND = YES;
				ENABLE_USER_SCRIPT_SANDBOXING = YES;
				GCC_C_LANGUAGE_STANDARD = gnu17;
				GCC_NO_COMMON_BLOCKS = YES;
				GCC_WARN_64_TO_32_BIT_CONVERSION = YES;
				GCC_WARN_ABOUT_RETURN_TYPE = YES_ERROR;
				GCC_WARN_UNDECLARED_SELECTOR = YES;
				GCC_WARN_UNINITIALIZED_AUTOS = YES_AGGRESSIVE;
				GCC_WARN_UNUSED_FUNCTION = YES;
				GCC_WARN_UNUSED_VARIABLE = YES;
				MACOSX_DEPLOYMENT_TARGET = 14.0;
				MTL_ENABLE_DEBUG_INFO = NO;
				MTL_FAST_MATH = YES;
				SDKROOT = macosx;
				SWIFT_COMPILATION_MODE = wholemodule;
			};
			name = Release;
		};
		A1000001226F00061 /* Debug */ = {
			isa = XCBuildConfiguration;
			buildSettings = {
				ASSETCATALOG_COMPILER_APPICON_NAME = AppIcon;
				ASSETCATALOG_COMPILER_GLOBAL_ACCENT_COLOR_NAME = AccentColor;
				CODE_SIGN_ENTITLEMENTS = ZabbixMenuBar/ZabbixMenuBar.entitlements;
				CODE_SIGN_STYLE = Automatic;
				COMBINE_HIDPI_IMAGES = YES;
				CURRENT_PROJECT_VERSION = 1;
				DEVELOPMENT_TEAM = QGG9KJ66D2;
				ENABLE_APP_SANDBOX = YES;
				ENABLE_HARDENED_RUNTIME = YES;
				GENERATE_INFOPLIST_FILE = NO;
				INFOPLIST_FILE = ZabbixMenuBar/Info.plist;
				INFOPLIST_KEY_LSUIElement = YES;
				INFOPLIST_KEY_NSHumanReadableCopyright = "";
				INFOPLIST_KEY_NSPrincipalClass = NSApplication;
				LD_RUNPATH_SEARCH_PATHS = (
					"$(inherited)",
					"@executable_path/../Frameworks",
				);
				MARKETING_VERSION = 1.0;
				PRODUCT_BUNDLE_IDENTIFIER = com.example.ZabbixMenuBar;
				PRODUCT_NAME = "$(TARGET_NAME)";
				SWIFT_EMIT_LOC_STRINGS = YES;
				SWIFT_VERSION = 5.0;
			};
			name = Debug;
		};
		A1000001226F00062 /* Release */ = {
			isa = XCBuildConfiguration;
			buildSettings = {
				ASSETCATALOG_COMPILER_APPICON_NAME = AppIcon;
				ASSETCATALOG_COMPILER_GLOBAL_ACCENT_COLOR_NAME = AccentColor;
				CODE_SIGN_ENTITLEMENTS = ZabbixMenuBar/ZabbixMenuBar.entitlements;
				CODE_SIGN_STYLE = Automatic;
				COMBINE_HIDPI_IMAGES = YES;
				CURRENT_PROJECT_VERSION = 1;
				DEVELOPMENT_TEAM = QGG9KJ66D2;
				ENABLE_APP_SANDBOX = YES;
				ENABLE_HARDENED_RUNTIME = YES;
				GENERATE_INFOPLIST_FILE = NO;
				INFOPLIST_FILE = ZabbixMenuBar/Info.plist;
				INFOPLIST_KEY_LSUIElement = YES;
				INFOPLIST_KEY_NSHumanReadableCopyright = "";
				INFOPLIST_KEY_NSPrincipalClass = NSApplication;
				LD_RUNPATH_SEARCH_PATHS = (
					"$(inherited)",
					"@executable_path/../Frameworks",
				);
				MARKETING_VERSION = 1.0;
				PRODUCT_BUNDLE_IDENTIFIER = com.example.ZabbixMenuBar;
				PRODUCT_NAME = "$(TARGET_NAME)";
				SWIFT_EMIT_LOC_STRINGS = YES;
				SWIFT_VERSION = 5.0;
			};
			name = Release;
		};
/* End XCBuildConfiguration section */

/* Begin XCConfigurationList section */
		097B7E2C2F12080000458A28 /* Build configuration list for PBXNativeTarget "ZabbixWidgetExtension" */ = {
			isa = XCConfigurationList;
			buildConfigurations = (
				097B7E292F12080000458A28 /* Debug */,
				097B7E2A2F12080000458A28 /* Release */,
			);
			defaultConfigurationIsVisible = 0;
			defaultConfigurationName = Release;
		};
		A1000001226F00051 /* Build configuration list for PBXProject "ZabbixMenuBar" */ = {
			isa = XCConfigurationList;
			buildConfigurations = (
				A1000001226F00052 /* Debug */,
				A1000001226F00053 /* Release */,
			);
			defaultConfigurationIsVisible = 0;
			defaultConfigurationName = Release;
		};
		A1000001226F00060 /* Build configuration list for PBXNativeTarget "ZabbixMenuBar" */ = {
			isa = XCConfigurationList;
			buildConfigurations = (
				A1000001226F00061 /* Debug */,
				A1000001226F00062 /* Release */,
			);
			defaultConfigurationIsVisible = 0;
			defaultConfigurationName = Release;
		};
/* End XCConfigurationList section */
	};
	rootObject = A1000001226F00050 /* Project object */;
}
